
Microsoft Visual Studio Solution File, Format Version 12.00
# Visual Studio Version 17
VisualStudioVersion = 17.1.32407.343
MinimumVisualStudioVersion = 10.0.40219.1
Project("{FAE04EC0-301F-11D3-BF4B-00C04F79EFBC}") = "root-finder-and-number-guessing-game", "root-finder-and-number-guessing-game\root-finder-and-number-guessing-game.csproj", "{61119380-72AC-48B8-AD8A-1B6142E0F1E0}"
EndProject
Global
	GlobalSection(SolutionConfigurationPlatforms) = preSolution
		Debug|Any CPU = Debug|Any CPU
		Release|Any CPU = Release|Any CPU
	EndGlobalSection
	GlobalSection(ProjectConfigurationPlatforms) = postSolution
		{61119380-72AC-48B8-AD8A-1B6142E0F1E0}.Debug|Any CPU.ActiveCfg = Debug|Any CPU
		{61119380-72AC-48B8-AD8A-1B6142E0F1E0}.Debug|Any CPU.Build.0 = Debug|Any CPU
		{61119380-72AC-48B8-AD8A-1B6142E0F1E0}.Release|Any CPU.ActiveCfg = Release|Any CPU
		{61119380-72AC-48B8-AD8A-1B6142E0F1E0}.Release|Any CPU.Build.0 = Release|Any CPU
	EndGlobalSection
	GlobalSection(SolutionProperties) = preSolution
		HideSolutionNode = FALSE
	EndGlobalSection
	GlobalSection(ExtensibilityGlobals) = postSolution
		SolutionGuid = {52CD7D20-1C72-486C-89B9-416EFC766DBF}
	EndGlobalSection
EndGlobal
